
Microsoft Visual Studio Solution File, Format Version 12.00
# Visual Studio Version 17
VisualStudioVersion = 17.9.34714.143
MinimumVisualStudioVersion = 10.0.40219.1
Project("{2150E333-8FDC-42A3-9474-1A3956D46DE8}") = "Doc", "Doc", "{49593486-0723-4AC1-B968-7D128C71593E}"
EndProject
Project("{2150E333-8FDC-42A3-9474-1A3956D46DE8}") = "Src", "Src", "{88F8108F-F754-46AD-A97B-2FBB593B7FC6}"
EndProject
Project("{2150E333-8FDC-42A3-9474-1A3956D46DE8}") = "Test", "Test", "{54C06B55-8B89-495D-B465-F06981596A65}"
EndProject
Project("{2150E333-8FDC-42A3-9474-1A3956D46DE8}") = "Common", "Common", "{A7B5CDB7-DF21-46C9-B79B-09916F9699E8}"
EndProject
Project("{2150E333-8FDC-42A3-9474-1A3956D46DE8}") = "Core", "Core", "{A50CF605-D3F9-4A20-9589-286028158AD3}"
EndProject
Project("{2150E333-8FDC-42A3-9474-1A3956D46DE8}") = "Infrastructure", "Infrastructure", "{C878904A-0270-49FB-B715-6636814DCE9E}"
EndProject
Project("{2150E333-8FDC-42A3-9474-1A3956D46DE8}") = "Presentation", "Presentation", "{3C83100A-8415-42E4-B428-18FD9E478734}"
EndProject
Project("{FAE04EC0-301F-11D3-BF4B-00C04F79EFBC}") = "Test_Site_1.Common", "Test_Site_1.Common\Test_Site_1.Common.csproj", "{3C519595-16B2-4AA6-AD01-AA6D2BE1FD07}"
EndProject
Project("{FAE04EC0-301F-11D3-BF4B-00C04F79EFBC}") = "Test_Site_1.Application", "Test_Site_1.Application\Test_Site_1.Application.csproj", "{406DE3F2-DF1E-4812-BEDA-91DAAC8C6B03}"
EndProject
Project("{FAE04EC0-301F-11D3-BF4B-00C04F79EFBC}") = "Test_Site_1.Domain", "Test_Site_1.Core\Test_Site_1.Domain.csproj", "{2994486E-92D1-47F7-A7D3-52005D1785EF}"
EndProject
Project("{FAE04EC0-301F-11D3-BF4B-00C04F79EFBC}") = "Test_Site", "Test_Site\Test_Site.csproj", "{B04928BE-8A20-4C16-A522-331355F56D3D}"
EndProject
Project("{FAE04EC0-301F-11D3-BF4B-00C04F79EFBC}") = "Test_Site_1.Infrastructure", "Test_Site_1.Infrastructure\Test_Site_1.Infrastructure.csproj", "{A228C8B3-6451-4E85-9A53-55C0C18D8BC9}"
EndProject
Project("{FAE04EC0-301F-11D3-BF4B-00C04F79EFBC}") = "Test_site_1.Persistance", "Test_site_1.Persistance\Test_site_1.Persistance.csproj", "{E30DE29A-C97D-4BB5-9B48-9A63E9CCE95B}"
EndProject
Global
	GlobalSection(SolutionConfigurationPlatforms) = preSolution
		Debug|Any CPU = Debug|Any CPU
		Release|Any CPU = Release|Any CPU
	EndGlobalSection
	GlobalSection(ProjectConfigurationPlatforms) = postSolution
		{3C519595-16B2-4AA6-AD01-AA6D2BE1FD07}.Debug|Any CPU.ActiveCfg = Debug|Any CPU
		{3C519595-16B2-4AA6-AD01-AA6D2BE1FD07}.Debug|Any CPU.Build.0 = Debug|Any CPU
		{3C519595-16B2-4AA6-AD01-AA6D2BE1FD07}.Release|Any CPU.ActiveCfg = Release|Any CPU
		{3C519595-16B2-4AA6-AD01-AA6D2BE1FD07}.Release|Any CPU.Build.0 = Release|Any CPU
		{406DE3F2-DF1E-4812-BEDA-91DAAC8C6B03}.Debug|Any CPU.ActiveCfg = Debug|Any CPU
		{406DE3F2-DF1E-4812-BEDA-91DAAC8C6B03}.Debug|Any CPU.Build.0 = Debug|Any CPU
		{406DE3F2-DF1E-4812-BEDA-91DAAC8C6B03}.Release|Any CPU.ActiveCfg = Release|Any CPU
		{406DE3F2-DF1E-4812-BEDA-91DAAC8C6B03}.Release|Any CPU.Build.0 = Release|Any CPU
		{2994486E-92D1-47F7-A7D3-52005D1785EF}.Debug|Any CPU.ActiveCfg = Debug|Any CPU
		{2994486E-92D1-47F7-A7D3-52005D1785EF}.Debug|Any CPU.Build.0 = Debug|Any CPU
		{2994486E-92D1-47F7-A7D3-52005D1785EF}.Release|Any CPU.ActiveCfg = Release|Any CPU
		{2994486E-92D1-47F7-A7D3-52005D1785EF}.Release|Any CPU.Build.0 = Release|Any CPU
		{B04928BE-8A20-4C16-A522-331355F56D3D}.Debug|Any CPU.ActiveCfg = Debug|Any CPU
		{B04928BE-8A20-4C16-A522-331355F56D3D}.Debug|Any CPU.Build.0 = Debug|Any CPU
		{B04928BE-8A20-4C16-A522-331355F56D3D}.Release|Any CPU.ActiveCfg = Release|Any CPU
		{B04928BE-8A20-4C16-A522-331355F56D3D}.Release|Any CPU.Build.0 = Release|Any CPU
		{A228C8B3-6451-4E85-9A53-55C0C18D8BC9}.Debug|Any CPU.ActiveCfg = Debug|Any CPU
		{A228C8B3-6451-4E85-9A53-55C0C18D8BC9}.Debug|Any CPU.Build.0 = Debug|Any CPU
		{A228C8B3-6451-4E85-9A53-55C0C18D8BC9}.Release|Any CPU.ActiveCfg = Release|Any CPU
		{A228C8B3-6451-4E85-9A53-55C0C18D8BC9}.Release|Any CPU.Build.0 = Release|Any CPU
		{E30DE29A-C97D-4BB5-9B48-9A63E9CCE95B}.Debug|Any CPU.ActiveCfg = Debug|Any CPU
		{E30DE29A-C97D-4BB5-9B48-9A63E9CCE95B}.Debug|Any CPU.Build.0 = Debug|Any CPU
		{E30DE29A-C97D-4BB5-9B48-9A63E9CCE95B}.Release|Any CPU.ActiveCfg = Release|Any CPU
		{E30DE29A-C97D-4BB5-9B48-9A63E9CCE95B}.Release|Any CPU.Build.0 = Release|Any CPU
	EndGlobalSection
	GlobalSection(SolutionProperties) = preSolution
		HideSolutionNode = FALSE
	EndGlobalSection
	GlobalSection(NestedProjects) = preSolution
		{A7B5CDB7-DF21-46C9-B79B-09916F9699E8} = {88F8108F-F754-46AD-A97B-2FBB593B7FC6}
		{A50CF605-D3F9-4A20-9589-286028158AD3} = {88F8108F-F754-46AD-A97B-2FBB593B7FC6}
		{C878904A-0270-49FB-B715-6636814DCE9E} = {88F8108F-F754-46AD-A97B-2FBB593B7FC6}
		{3C83100A-8415-42E4-B428-18FD9E478734} = {88F8108F-F754-46AD-A97B-2FBB593B7FC6}
		{3C519595-16B2-4AA6-AD01-AA6D2BE1FD07} = {A7B5CDB7-DF21-46C9-B79B-09916F9699E8}
		{406DE3F2-DF1E-4812-BEDA-91DAAC8C6B03} = {A50CF605-D3F9-4A20-9589-286028158AD3}
		{2994486E-92D1-47F7-A7D3-52005D1785EF} = {A50CF605-D3F9-4A20-9589-286028158AD3}
		{B04928BE-8A20-4C16-A522-331355F56D3D} = {3C83100A-8415-42E4-B428-18FD9E478734}
		{A228C8B3-6451-4E85-9A53-55C0C18D8BC9} = {C878904A-0270-49FB-B715-6636814DCE9E}
		{E30DE29A-C97D-4BB5-9B48-9A63E9CCE95B} = {C878904A-0270-49FB-B715-6636814DCE9E}
	EndGlobalSection
	GlobalSection(ExtensibilityGlobals) = postSolution
		SolutionGuid = {C66978DE-8978-40C6-8AFE-86BC0CD4FB49}
	EndGlobalSection
EndGlobal
